
Microsoft Visual Studio Solution File, Format Version 12.00
# Visual Studio Version 17
VisualStudioVersion = 17.10.35122.118
MinimumVisualStudioVersion = 10.0.40219.1
Project("{FAE04EC0-301F-11D3-BF4B-00C04F79EFBC}") = "Backup", "Backup\Backup.csproj", "{0F4F2CE9-565C-4DD9-8B56-521EF121867D}"
EndProject
Global
	GlobalSection(SolutionConfigurationPlatforms) = preSolution
		Debug|Any CPU = Debug|Any CPU
		Release|Any CPU = Release|Any CPU
	EndGlobalSection
	GlobalSection(ProjectConfigurationPlatforms) = postSolution
		{0F4F2CE9-565C-4DD9-8B56-521EF121867D}.Debug|Any CPU.ActiveCfg = Debug|Any CPU
		{0F4F2CE9-565C-4DD9-8B56-521EF121867D}.Debug|Any CPU.Build.0 = Debug|Any CPU
		{0F4F2CE9-565C-4DD9-8B56-521EF121867D}.Release|Any CPU.ActiveCfg = Release|Any CPU
		{0F4F2CE9-565C-4DD9-8B56-521EF121867D}.Release|Any CPU.Build.0 = Release|Any CPU
	EndGlobalSection
	GlobalSection(SolutionProperties) = preSolution
		HideSolutionNode = FALSE
	EndGlobalSection
	GlobalSection(ExtensibilityGlobals) = postSolution
		SolutionGuid = {77944339-6E0B-43BD-A2D9-BFF380053EB8}
	EndGlobalSection
EndGlobal
